
Microsoft Visual Studio Solution File, Format Version 12.00
# Visual Studio 15
VisualStudioVersion = 15.0.27703.2000
MinimumVisualStudioVersion = 10.0.40219.1
Project("{9A19103F-16F7-4668-BE54-9A1E7A4F7556}") = "Aerospace", "Aerospace\Aerospace.csproj", "{A79438FB-195F-4763-B68C-45656CEF8FF5}"
EndProject
Project("{FAE04EC0-301F-11D3-BF4B-00C04F79EFBC}") = "DataAccess", "DataAccess\DataAccess.csproj", "{0A9E6B8F-222F-4092-8D2B-E54AD42412F5}"
EndProject
Global
	GlobalSection(SolutionConfigurationPlatforms) = preSolution
		Debug|Any CPU = Debug|Any CPU
		Release|Any CPU = Release|Any CPU
	EndGlobalSection
	GlobalSection(ProjectConfigurationPlatforms) = postSolution
		{A79438FB-195F-4763-B68C-45656CEF8FF5}.Debug|Any CPU.ActiveCfg = Debug|Any CPU
		{A79438FB-195F-4763-B68C-45656CEF8FF5}.Debug|Any CPU.Build.0 = Debug|Any CPU
		{A79438FB-195F-4763-B68C-45656CEF8FF5}.Release|Any CPU.ActiveCfg = Release|Any CPU
		{A79438FB-195F-4763-B68C-45656CEF8FF5}.Release|Any CPU.Build.0 = Release|Any CPU
		{0A9E6B8F-222F-4092-8D2B-E54AD42412F5}.Debug|Any CPU.ActiveCfg = Debug|Any CPU
		{0A9E6B8F-222F-4092-8D2B-E54AD42412F5}.Debug|Any CPU.Build.0 = Debug|Any CPU
		{0A9E6B8F-222F-4092-8D2B-E54AD42412F5}.Release|Any CPU.ActiveCfg = Release|Any CPU
		{0A9E6B8F-222F-4092-8D2B-E54AD42412F5}.Release|Any CPU.Build.0 = Release|Any CPU
	EndGlobalSection
	GlobalSection(SolutionProperties) = preSolution
		HideSolutionNode = FALSE
	EndGlobalSection
	GlobalSection(ExtensibilityGlobals) = postSolution
		SolutionGuid = {8D97A872-D5C2-4798-AF14-75E3258BF467}
	EndGlobalSection
EndGlobal
